
Microsoft Visual Studio Solution File, Format Version 12.00
# Visual Studio 14
VisualStudioVersion = 14.0.24720.0
MinimumVisualStudioVersion = 10.0.40219.1
Project("{FAE04EC0-301F-11D3-BF4B-00C04F79EFBC}") = "Office-Bing-Search", "Office-Bing-Search.csproj", "{FEFEB031-AD1A-4A44-B31F-5D88C17F6A91}"
EndProject
Project("{FAE04EC0-301F-11D3-BF4B-00C04F79EFBC}") = "Office-Bing-SearchWeb", "..\Office-Bing-SearchWeb\Office-Bing-SearchWeb.csproj", "{3998C3F1-FE89-485D-8415-ACCCA9B63A58}"
EndProject
Global
	GlobalSection(SolutionConfigurationPlatforms) = preSolution
		Debug|Any CPU = Debug|Any CPU
		Release|Any CPU = Release|Any CPU
	EndGlobalSection
	GlobalSection(ProjectConfigurationPlatforms) = postSolution
		{FEFEB031-AD1A-4A44-B31F-5D88C17F6A91}.Debug|Any CPU.ActiveCfg = Debug|Any CPU
		{FEFEB031-AD1A-4A44-B31F-5D88C17F6A91}.Debug|Any CPU.Build.0 = Debug|Any CPU
		{FEFEB031-AD1A-4A44-B31F-5D88C17F6A91}.Debug|Any CPU.Deploy.0 = Debug|Any CPU
		{FEFEB031-AD1A-4A44-B31F-5D88C17F6A91}.Release|Any CPU.ActiveCfg = Release|Any CPU
		{FEFEB031-AD1A-4A44-B31F-5D88C17F6A91}.Release|Any CPU.Build.0 = Release|Any CPU
		{FEFEB031-AD1A-4A44-B31F-5D88C17F6A91}.Release|Any CPU.Deploy.0 = Release|Any CPU
		{3998C3F1-FE89-485D-8415-ACCCA9B63A58}.Debug|Any CPU.ActiveCfg = Debug|Any CPU
		{3998C3F1-FE89-485D-8415-ACCCA9B63A58}.Debug|Any CPU.Build.0 = Debug|Any CPU
		{3998C3F1-FE89-485D-8415-ACCCA9B63A58}.Release|Any CPU.ActiveCfg = Release|Any CPU
		{3998C3F1-FE89-485D-8415-ACCCA9B63A58}.Release|Any CPU.Build.0 = Release|Any CPU
	EndGlobalSection
	GlobalSection(SolutionProperties) = preSolution
		HideSolutionNode = FALSE
	EndGlobalSection
EndGlobal
